
Microsoft Visual Studio Solution File, Format Version 12.00
# Visual Studio Version 16
VisualStudioVersion = 16.0.32126.315
MinimumVisualStudioVersion = 10.0.40219.1
Project("{FAE04EC0-301F-11D3-BF4B-00C04F79EFBC}") = "QuizzModuleWpf", "QuizzModuleWpf\QuizzModuleWpf.csproj", "{712BD490-0E45-457F-A767-0BC4138C1EEE}"
EndProject
Project("{FAE04EC0-301F-11D3-BF4B-00C04F79EFBC}") = "QuizzModuleCore", "QuizzModuleCore\QuizzModuleCore.csproj", "{F77037DE-E69F-42F4-9A08-471D7F8B622C}"
EndProject
Global
	GlobalSection(SolutionConfigurationPlatforms) = preSolution
		Debug|Any CPU = Debug|Any CPU
		Release|Any CPU = Release|Any CPU
	EndGlobalSection
	GlobalSection(ProjectConfigurationPlatforms) = postSolution
		{712BD490-0E45-457F-A767-0BC4138C1EEE}.Debug|Any CPU.ActiveCfg = Debug|Any CPU
		{712BD490-0E45-457F-A767-0BC4138C1EEE}.Debug|Any CPU.Build.0 = Debug|Any CPU
		{712BD490-0E45-457F-A767-0BC4138C1EEE}.Release|Any CPU.ActiveCfg = Release|Any CPU
		{712BD490-0E45-457F-A767-0BC4138C1EEE}.Release|Any CPU.Build.0 = Release|Any CPU
		{F77037DE-E69F-42F4-9A08-471D7F8B622C}.Debug|Any CPU.ActiveCfg = Debug|Any CPU
		{F77037DE-E69F-42F4-9A08-471D7F8B622C}.Debug|Any CPU.Build.0 = Debug|Any CPU
		{F77037DE-E69F-42F4-9A08-471D7F8B622C}.Release|Any CPU.ActiveCfg = Release|Any CPU
		{F77037DE-E69F-42F4-9A08-471D7F8B622C}.Release|Any CPU.Build.0 = Release|Any CPU
	EndGlobalSection
	GlobalSection(SolutionProperties) = preSolution
		HideSolutionNode = FALSE
	EndGlobalSection
	GlobalSection(ExtensibilityGlobals) = postSolution
		SolutionGuid = {2D9B637D-FC05-4FCF-A463-F9ED40AD67D3}
	EndGlobalSection
EndGlobal
